
Microsoft Visual Studio Solution File, Format Version 12.00
# Visual Studio Version 16
VisualStudioVersion = 16.0.30503.244
MinimumVisualStudioVersion = 10.0.40219.1
Project("{FAE04EC0-301F-11D3-BF4B-00C04F79EFBC}") = "StrawmanAtc", "StrawmanAtc\StrawmanAtc.csproj", "{B59DC714-DFCC-4ED7-AA2F-626B432AFB8C}"
EndProject
Global
	GlobalSection(SolutionConfigurationPlatforms) = preSolution
		Debug|Any CPU = Debug|Any CPU
		Release|Any CPU = Release|Any CPU
	EndGlobalSection
	GlobalSection(ProjectConfigurationPlatforms) = postSolution
		{B59DC714-DFCC-4ED7-AA2F-626B432AFB8C}.Debug|Any CPU.ActiveCfg = Debug|Any CPU
		{B59DC714-DFCC-4ED7-AA2F-626B432AFB8C}.Debug|Any CPU.Build.0 = Debug|Any CPU
		{B59DC714-DFCC-4ED7-AA2F-626B432AFB8C}.Release|Any CPU.ActiveCfg = Release|Any CPU
		{B59DC714-DFCC-4ED7-AA2F-626B432AFB8C}.Release|Any CPU.Build.0 = Release|Any CPU
	EndGlobalSection
	GlobalSection(SolutionProperties) = preSolution
		HideSolutionNode = FALSE
	EndGlobalSection
	GlobalSection(ExtensibilityGlobals) = postSolution
		SolutionGuid = {4972AA1A-F6BF-4FC2-B079-D7397EDDF89E}
	EndGlobalSection
EndGlobal
